
Microsoft Visual Studio Solution File, Format Version 12.00
# Visual Studio Version 17
VisualStudioVersion = 17.5.002.0
MinimumVisualStudioVersion = 10.0.40219.1
Project("{9A19103F-16F7-4668-BE54-9A1E7A4F7556}") = "blue", "blue.csproj", "{C90E95A8-8290-4EEE-8292-F255FA64F4AF}"
EndProject
Global
	GlobalSection(SolutionConfigurationPlatforms) = preSolution
		Debug|Any CPU = Debug|Any CPU
		Release|Any CPU = Release|Any CPU
	EndGlobalSection
	GlobalSection(ProjectConfigurationPlatforms) = postSolution
		{C90E95A8-8290-4EEE-8292-F255FA64F4AF}.Debug|Any CPU.ActiveCfg = Debug|Any CPU
		{C90E95A8-8290-4EEE-8292-F255FA64F4AF}.Debug|Any CPU.Build.0 = Debug|Any CPU
		{C90E95A8-8290-4EEE-8292-F255FA64F4AF}.Release|Any CPU.ActiveCfg = Release|Any CPU
		{C90E95A8-8290-4EEE-8292-F255FA64F4AF}.Release|Any CPU.Build.0 = Release|Any CPU
	EndGlobalSection
	GlobalSection(SolutionProperties) = preSolution
		HideSolutionNode = FALSE
	EndGlobalSection
	GlobalSection(ExtensibilityGlobals) = postSolution
		SolutionGuid = {F7DDC5AD-7340-47A5-A480-105BB8587389}
	EndGlobalSection
EndGlobal
